
Microsoft Visual Studio Solution File, Format Version 12.00
# Visual Studio Version 17
VisualStudioVersion = 17.5.002.0
MinimumVisualStudioVersion = 10.0.40219.1
Project("{9A19103F-16F7-4668-BE54-9A1E7A4F7556}") = "program004-generator", "program004-generator.csproj", "{03D1EED9-19F7-40B5-AB4B-E63BD00B2FC0}"
EndProject
Global
	GlobalSection(SolutionConfigurationPlatforms) = preSolution
		Debug|Any CPU = Debug|Any CPU
		Release|Any CPU = Release|Any CPU
	EndGlobalSection
	GlobalSection(ProjectConfigurationPlatforms) = postSolution
		{03D1EED9-19F7-40B5-AB4B-E63BD00B2FC0}.Debug|Any CPU.ActiveCfg = Debug|Any CPU
		{03D1EED9-19F7-40B5-AB4B-E63BD00B2FC0}.Debug|Any CPU.Build.0 = Debug|Any CPU
		{03D1EED9-19F7-40B5-AB4B-E63BD00B2FC0}.Release|Any CPU.ActiveCfg = Release|Any CPU
		{03D1EED9-19F7-40B5-AB4B-E63BD00B2FC0}.Release|Any CPU.Build.0 = Release|Any CPU
	EndGlobalSection
	GlobalSection(SolutionProperties) = preSolution
		HideSolutionNode = FALSE
	EndGlobalSection
	GlobalSection(ExtensibilityGlobals) = postSolution
		SolutionGuid = {EE3837B7-D85B-405A-B63A-1BE3B2B9C92A}
	EndGlobalSection
EndGlobal
